{
  "name": "smarttrack-inventory",
  "version": "1.0.0",
  "lockfileVersion": 3,
  "requires": true,
  "packages": {
    "": {
      "name": "smarttrack-inventory",
      "version": "1.0.0",
      "dependencies": {
        "@getbrevo/brevo": "^2.0.0",
        "body-parser": "^1.20.3",
        "cors": "^2.8.5",
        "dotenv": "^16.4.1",
        "express": "^4.18.2",
        "express-session": "^1.17.3",
        "mongoose": "^7.6.0",
        "path": "^0.12.7"
      },
      "engines": {
        "node": ">=18.x"
      }
    },
    "node_modules/@getbrevo/brevo": {
      "version": "2.0.0",
      "resolved": "https://registry.npmjs.org/@getbrevo/brevo/-/brevo-2.0.0.tgz",
      "integrity": "sha512-pdc6vvkxtBkeBaPYtA5QpRWkaG3dKoGmbPGG2S3C2j67t9kq2GR3+MEzlltd3xG7YABxDq7uvfDJXw2PvzZdnw=="
    },
    "node_modules/body-parser": {
      "version": "1.20.3",
      "resolved": "https://registry.npmjs.org/body-parser/-/body-parser-1.20.3.tgz",
      "integrity": "sha512-DWsxB3UlEslOUwW95KDhzA+KmGkav2iULZVhK03R+pjk7t+Q9eYkxR57b0hEe0h7MqTrS45HcoVt0m7zHzYPOA=="
    },
    "node_modules/cors": {
      "version": "2.8.5",
      "resolved": "https://registry.npmjs.org/cors/-/cors-2.8.5.tgz",
      "integrity": "sha512-Kb+I6Z2eP0XrDkMbvO7A8v+GQO+eH1u+eVJeG3H4SWwD0l5pwrjJvP3Z9Ruq1FtQBT+v+7OjJigKpL7C8tK0OA=="
    },
    "node_modules/dotenv": {
      "version": "16.4.1",
      "resolved": "https://registry.npmjs.org/dotenv/-/dotenv-16.4.1.tgz",
      "integrity": "sha512-9PO7ZR+dT6wWdFNHVZ5U2g3nl6F6IM2+ZrXh/67qq8J3Un5T+r+sx2p+Mkp99+8t8uEeA9rVY0YB08pJ6L0p6w=="
    },
    "node_modules/express": {
      "version": "4.18.2",
      "resolved": "https://registry.npmjs.org/express/-/express-4.18.2.tgz",
      "integrity": "sha512-5S+kfEpjh0v1Txm+LhkoTdBIeHaaRkMcHcLHLxHKhE9WlKkByVULnWzjZIRBR1E1xYxDNgZjDp7ArG3G6wYSEg=="
    },
    "node_modules/express-session": {
      "version": "1.17.3",
      "resolved": "https://registry.npmjs.org/express-session/-/express-session-1.17.3.tgz",
      "integrity": "sha512-+xOvJBn1D9Ke0ZP2pjs/URfw8ivTv6Q7QX4mcXhvEZxS6g9ltm2WcIjTvvTEXcEOD6Z84onqfP7Z8YbWQaD0qg=="
    },
    "node_modules/mongoose": {
      "version": "7.6.0",
      "resolved": "https://registry.npmjs.org/mongoose/-/mongoose-7.6.0.tgz",
      "integrity": "sha512-ZHHpAHxV+N7wA6E7XvCN7H2X8uKqEmvDhxpgb5vbe/TmYErTrA83lRtCjv8GqOZRhU+N0Y4hvGX9UpSfxqxqog=="
    },
    "node_modules/path": {
      "version": "0.12.7",
      "resolved": "https://registry.npmjs.org/path/-/path-0.12.7.tgz",
      "integrity": "sha512-ejdnVbXjEvYyD3lI4kZ5s99HV6YuqQBY9YbN3LxD1Ewr5cnVJe5zL8bUsZKac8xtkcD8Kf5P8eQig1hJvU7dbA=="
    }
  }
}
